
Microsoft Visual Studio Solution File, Format Version 12.00
# Visual Studio Version 16
VisualStudioVersion = 16.0.30320.27
MinimumVisualStudioVersion = 10.0.40219.1
Project("{159641D6-6404-4A2A-AE62-294DE0FE8301}") = "QL_Tsion_Tsegaye_SSIS_Packages", "QL_Tsion_Tsegaye_SSIS_Packages.dtproj", "{4175CD8C-6E3F-422B-AC8F-BF2113D23DD3}"
EndProject
Global
	GlobalSection(SolutionConfigurationPlatforms) = preSolution
		Development|Default = Development|Default
	EndGlobalSection
	GlobalSection(ProjectConfigurationPlatforms) = postSolution
		{4175CD8C-6E3F-422B-AC8F-BF2113D23DD3}.Development|Default.ActiveCfg = Development
		{4175CD8C-6E3F-422B-AC8F-BF2113D23DD3}.Development|Default.Build.0 = Development
	EndGlobalSection
	GlobalSection(SolutionProperties) = preSolution
		HideSolutionNode = FALSE
	EndGlobalSection
	GlobalSection(ExtensibilityGlobals) = postSolution
		SolutionGuid = {AC9BBD32-2D59-4569-96DE-F4B5B4D7F752}
	EndGlobalSection
EndGlobal
